{
  "nodes": {
    "devinit": {
      "inputs": {
        "nixpkgs": [
          "nixpkgs"
        ]
      },
      "locked": {
        "lastModified": 1775224535,
        "narHash": "sha256-7dIizi0/gBf/vIBR2X8yri5YVtAOI7hPRWLQPagpeq4=",
        "owner": "lying200",
        "repo": "devinit",
        "rev": "b7a04e7ca947be014e2a2a2cfd1da91848e08d18",
        "type": "github"
      },
      "original": {
        "owner": "lying200",
        "repo": "devinit",
        "type": "github"
      }
    },
    "dms": {
      "inputs": {
        "flake-compat": "flake-compat",
        "nixpkgs": [
          "nixpkgs"
        ]
      },
      "locked": {
        "lastModified": 1783529634,
        "narHash": "sha256-zdHsPGPE5MVi/y+uIt548XScTfZjQzdF21dME7ISEJM=",
        "owner": "AvengeMedia",
        "repo": "DankMaterialShell",
        "rev": "bdfd565b72cbb416441a9ab828efcac4fd516c70",
        "type": "github"
      },
      "original": {
        "owner": "AvengeMedia",
        "ref": "stable",
        "repo": "DankMaterialShell",
        "type": "github"
      }
    },
    "flake-compat": {
      "flake": false,
      "locked": {
        "lastModified": 1767039857,
        "narHash": "sha256-vNpUSpF5Nuw8xvDLj2KCwwksIbjua2LZCqhV1LNRDns=",
        "owner": "NixOS",
        "repo": "flake-compat",
        "rev": "5edf11c44bc78a0d334f6334cdaf7d60d732daab",
        "type": "github"
      },
      "original": {
        "owner": "NixOS",
        "repo": "flake-compat",
        "type": "github"
      }
    },
    "flake-compat_2": {
      "flake": false,
      "locked": {
        "lastModified": 1767039857,
        "narHash": "sha256-vNpUSpF5Nuw8xvDLj2KCwwksIbjua2LZCqhV1LNRDns=",
        "owner": "edolstra",
        "repo": "flake-compat",
        "rev": "5edf11c44bc78a0d334f6334cdaf7d60d732daab",
        "type": "github"
      },
      "original": {
        "owner": "edolstra",
        "repo": "flake-compat",
        "type": "github"
      }
    },
    "home-manager": {
      "inputs": {
        "nixpkgs": [
          "nixpkgs"
        ]
      },
      "locked": {
        "lastModified": 1783689750,
        "narHash": "sha256-iMO/Ypany7DPXD6D7sQgH7METtEUihnOvdb+A9ehn8k=",
        "owner": "nix-community",
        "repo": "home-manager",
        "rev": "79e6082586b3680ff32c8e75127545058f074fa4",
        "type": "github"
      },
      "original": {
        "owner": "nix-community",
        "repo": "home-manager",
        "type": "github"
      }
    },
    "nixos-wsl": {
      "inputs": {
        "flake-compat": "flake-compat_2",
        "nixpkgs": [
          "nixpkgs"
        ]
      },
      "locked": {
        "lastModified": 1783336371,
        "narHash": "sha256-ZisTtweyb7JUwPP54HAXE9TypT8m89dIxDI36Ak0hAs=",
        "owner": "nix-community",
        "repo": "NixOS-WSL",
        "rev": "a9620cfa43f0c1c30a46c31ae3c6e58cdb124a14",
        "type": "github"
      },
      "original": {
        "owner": "nix-community",
        "repo": "NixOS-WSL",
        "type": "github"
      }
    },
    "nixpkgs": {
      "locked": {
        "lastModified": 1783522502,
        "narHash": "sha256-iffAls3iaNTyJC2faYcUXSI+Gp02cDjYl+MygxKl2GI=",
        "owner": "nixos",
        "repo": "nixpkgs",
        "rev": "0bb7ec54c8483066ec9d7720e780a5caa71f8612",
        "type": "github"
      },
      "original": {
        "owner": "nixos",
        "ref": "nixos-unstable",
        "repo": "nixpkgs",
        "type": "github"
      }
    },
    "noctalia": {
      "inputs": {
        "nixpkgs": [
          "nixpkgs"
        ]
      },
      "locked": {
        "lastModified": 1783689056,
        "narHash": "sha256-K9/7C/Dwwe80jF1xhbV8/rHzJsujXulA1vFftgyF6Ok=",
        "owner": "noctalia-dev",
        "repo": "noctalia-shell",
        "rev": "1b7a17a5df40cf782dbb92f37c94516932427f56",
        "type": "github"
      },
      "original": {
        "owner": "noctalia-dev",
        "repo": "noctalia-shell",
        "type": "github"
      }
    },
    "rime-ice": {
      "flake": false,
      "locked": {
        "lastModified": 1783523909,
        "narHash": "sha256-lIOTc2zdZH9GXKHuH2lv40I8+KaZxo8nZGbZPyBfXbs=",
        "owner": "iDvel",
        "repo": "rime-ice",
        "rev": "3a543652a42c21904c62bd881d65e987600f0722",
        "type": "github"
      },
      "original": {
        "owner": "iDvel",
        "repo": "rime-ice",
        "type": "github"
      }
    },
    "root": {
      "inputs": {
        "devinit": "devinit",
        "dms": "dms",
        "home-manager": "home-manager",
        "nixos-wsl": "nixos-wsl",
        "nixpkgs": "nixpkgs",
        "noctalia": "noctalia",
        "rime-ice": "rime-ice"
      }
    }
  },
  "root": "root",
  "version": 7
}
